<?xml version="1.0" encoding="utf-8"?>
<Project ToolsVersion="4.0" xmlns="http://schemas.microsoft.com/developer/msbuild/2003">
  <ItemGroup>
    <Filter Include="Source Files">
      <UniqueIdentifier>{1ce5af1f-a001-4501-b8f4-9c7f0f9618ff}</UniqueIdentifier>
      <Extensions>cpp;c;cxx;rc;def;r;odl;idl;hpj;bat;for;f90</Extensions>
    </Filter>
    <Filter Include="Header Files">
      <UniqueIdentifier>{ac1debb3-7171-4d26-b0c4-015c1db8fa2e}</UniqueIdentifier>
      <Extensions>h;hpp;hxx;hm;inl;fi;fd</Extensions>
    </Filter>
    <Filter Include="Resource Files">
      <UniqueIdentifier>{4d0e893c-fa59-4920-8ca7-272b3cc6f6be}</UniqueIdentifier>
      <Extensions>ico;cur;bmp;dlg;rc2;rct;bin;cnt;rtf;gif;jpg;jpeg;jpe</Extensions>
    </Filter>
  </ItemGroup>
  <ItemGroup>
    <ClCompile Include="..\src\libmc.c">
      <Filter>Source Files</Filter>
    </ClCompile>
    <ClCompile Include="..\src\libmc2.c">
      <Filter>Source Files</Filter>
    </ClCompile>
    <ClCompile Include="..\src\libmc3.c">
      <Filter>Source Files</Filter>
    </ClCompile>
    <ClCompile Include="..\src\libmc_angles.c">
      <Filter>Source Files</Filter>
    </ClCompile>
    <ClCompile Include="..\src\libmc_dates.c">
      <Filter>Source Files</Filter>
    </ClCompile>
    <ClCompile Include="..\src\mc_cart1.c">
      <Filter>Source Files</Filter>
    </ClCompile>
    <ClCompile Include="..\src\mc_cata1.c">
      <Filter>Source Files</Filter>
    </ClCompile>
    <ClCompile Include="..\src\mc_corc1.c">
      <Filter>Source Files</Filter>
    </ClCompile>
    <ClCompile Include="..\src\mc_cord1.c">
      <Filter>Source Files</Filter>
    </ClCompile>
    <ClCompile Include="..\src\mc_elp10.c">
      <Filter>Source Files</Filter>
    </ClCompile>
    <ClCompile Include="..\src\mc_elp11.c">
      <Filter>Source Files</Filter>
    </ClCompile>
    <ClCompile Include="..\src\mc_elp12.c">
      <Filter>Source Files</Filter>
    </ClCompile>
    <ClCompile Include="..\src\mc_elp13.c">
      <Filter>Source Files</Filter>
    </ClCompile>
    <ClCompile Include="..\src\mc_file1.c">
      <Filter>Source Files</Filter>
    </ClCompile>
    <ClCompile Include="..\src\mc_file2.c">
      <Filter>Source Files</Filter>
    </ClCompile>
    <ClCompile Include="..\src\mc_file3.c">
      <Filter>Source Files</Filter>
    </ClCompile>
    <ClCompile Include="..\src\mc_intg1.c">
      <Filter>Source Files</Filter>
    </ClCompile>
    <ClCompile Include="..\src\mc_macr1.c">
      <Filter>Source Files</Filter>
    </ClCompile>
    <ClCompile Include="..\src\mc_macr2.c">
      <Filter>Source Files</Filter>
    </ClCompile>
    <ClCompile Include="..\src\mc_macr3.c">
      <Filter>Source Files</Filter>
    </ClCompile>
    <ClCompile Include="..\src\mc_math1.c">
      <Filter>Source Files</Filter>
    </ClCompile>
    <ClCompile Include="..\src\mc_menu1.c">
      <Filter>Source Files</Filter>
    </ClCompile>
    <ClCompile Include="..\src\mc_modl1.c">
      <Filter>Source Files</Filter>
    </ClCompile>
    <ClCompile Include="..\src\mc_nora1.c">
      <Filter>Source Files</Filter>
    </ClCompile>
    <ClCompile Include="..\src\mc_nora2.c">
      <Filter>Source Files</Filter>
    </ClCompile>
    <ClCompile Include="..\src\mc_orbi1.c">
      <Filter>Source Files</Filter>
    </ClCompile>
    <ClCompile Include="..\src\mc_orbi2.c">
      <Filter>Source Files</Filter>
    </ClCompile>
    <ClCompile Include="..\src\mc_orbi3.c">
      <Filter>Source Files</Filter>
    </ClCompile>
    <ClCompile Include="..\src\mc_plnt1.c">
      <Filter>Source Files</Filter>
    </ClCompile>
    <ClCompile Include="..\src\mc_plnt2.c">
      <Filter>Source Files</Filter>
    </ClCompile>
    <ClCompile Include="..\src\mc_plnt3.c">
      <Filter>Source Files</Filter>
    </ClCompile>
    <ClCompile Include="..\src\mc_plnt4.c">
      <Filter>Source Files</Filter>
    </ClCompile>
    <ClCompile Include="..\src\mc_scdl1.c">
      <Filter>Source Files</Filter>
    </ClCompile>
    <ClCompile Include="..\src\mc_time1.c">
      <Filter>Source Files</Filter>
    </ClCompile>
    <ClCompile Include="..\src\mc_util1.c">
      <Filter>Source Files</Filter>
    </ClCompile>
    <ClCompile Include="..\src\mc_util2.c">
      <Filter>Source Files</Filter>
    </ClCompile>
  </ItemGroup>
  <ItemGroup>
    <None Include="libmc.def">
      <Filter>Source Files</Filter>
    </None>
  </ItemGroup>
  <ItemGroup>
    <ClInclude Include="..\src\libmc.h">
      <Filter>Header Files</Filter>
    </ClInclude>
  </ItemGroup>
</Project>