<?xml version="1.0" encoding="utf-8"?>
<Project ToolsVersion="4.0" xmlns="http://schemas.microsoft.com/developer/msbuild/2003">
  <ItemGroup>
    <Filter Include="Source Files">
      <UniqueIdentifier>{3b7b7b4d-f16a-4511-a430-10cc6d9c7e9f}</UniqueIdentifier>
      <Extensions>cpp;c;cxx;rc;def;r;odl;idl;hpj;bat</Extensions>
    </Filter>
    <Filter Include="Header Files">
      <UniqueIdentifier>{a3d9ce89-afc8-4320-9460-dc580f6018cf}</UniqueIdentifier>
      <Extensions>h;hpp;hxx;hm;inl</Extensions>
    </Filter>
    <Filter Include="Resource Files">
      <UniqueIdentifier>{44ac75b8-cc5b-424d-918c-2a12cf6ab198}</UniqueIdentifier>
      <Extensions>ico;cur;bmp;dlg;rc2;rct;bin;rgs;gif;jpg;jpeg;jpe</Extensions>
    </Filter>
  </ItemGroup>
  <ItemGroup>
    <ClCompile Include="..\src\AscomAstrooptik.cpp">
      <Filter>Source Files</Filter>
    </ClCompile>
    <ClCompile Include="..\src\AscomTelescop.cpp">
      <Filter>Source Files</Filter>
    </ClCompile>
    <ClCompile Include="..\src\AscomTelescopV2.cpp">
      <Filter>Source Files</Filter>
    </ClCompile>
    <ClCompile Include="..\src\AscomTelescopV3.cpp">
      <Filter>Source Files</Filter>
    </ClCompile>
    <ClCompile Include="..\..\libtel.cpp">
      <Filter>Source Files</Filter>
    </ClCompile>
    <ClCompile Include="..\src\telescop.cpp">
      <Filter>Source Files</Filter>
    </ClCompile>
    <ClCompile Include="..\src\teltcl.cpp">
      <Filter>Source Files</Filter>
    </ClCompile>
    <ClCompile Include="..\..\util.cpp">
      <Filter>Source Files</Filter>
    </ClCompile>
  </ItemGroup>
  <ItemGroup>
    <None Include="libascom.def">
      <Filter>Source Files</Filter>
    </None>
  </ItemGroup>
  <ItemGroup>
    <ClInclude Include="..\src\AscomAstrooptik.h">
      <Filter>Header Files</Filter>
    </ClInclude>
    <ClInclude Include="..\src\AscomTelescop.h">
      <Filter>Header Files</Filter>
    </ClInclude>
    <ClInclude Include="..\src\AscomTelescopV1.h">
      <Filter>Header Files</Filter>
    </ClInclude>
    <ClInclude Include="..\src\AscomTelescopV2.h">
      <Filter>Header Files</Filter>
    </ClInclude>
    <ClInclude Include="..\src\AscomTelescopV3.h">
      <Filter>Header Files</Filter>
    </ClInclude>
    <ClInclude Include="..\src\libname.h">
      <Filter>Header Files</Filter>
    </ClInclude>
    <ClInclude Include="..\..\..\include\libtel\libstruc.h">
      <Filter>Header Files</Filter>
    </ClInclude>
    <ClInclude Include="..\..\..\include\libtel\libtel.h">
      <Filter>Header Files</Filter>
    </ClInclude>
    <ClInclude Include="..\src\StdString.h">
      <Filter>Header Files</Filter>
    </ClInclude>
    <ClInclude Include="..\src\telcmd.h">
      <Filter>Header Files</Filter>
    </ClInclude>
    <ClInclude Include="..\src\telescop.h">
      <Filter>Header Files</Filter>
    </ClInclude>
    <ClInclude Include="..\src\teltcl.h">
      <Filter>Header Files</Filter>
    </ClInclude>
  </ItemGroup>
</Project>