<?xml version="1.0" encoding="utf-8"?>
<Project ToolsVersion="4.0" xmlns="http://schemas.microsoft.com/developer/msbuild/2003">
  <ItemGroup>
    <Filter Include="Source Files">
      <UniqueIdentifier>{4383d1de-3eb5-4411-89f5-9c7d7f2fcbcd}</UniqueIdentifier>
      <Extensions>cpp;c;cxx;rc;def;r;odl;idl;hpj;bat;for;f90</Extensions>
    </Filter>
    <Filter Include="Header Files">
      <UniqueIdentifier>{018f3a84-d0f6-4e2b-a6b3-06950e037bda}</UniqueIdentifier>
      <Extensions>h;hpp;hxx;hm;inl;fi;fd</Extensions>
    </Filter>
    <Filter Include="Resource Files">
      <UniqueIdentifier>{9b4533d6-0ca2-48e3-a67e-7a94bd6d766d}</UniqueIdentifier>
      <Extensions>ico;cur;bmp;dlg;rc2;rct;bin;cnt;rtf;gif;jpg;jpeg;jpe</Extensions>
    </Filter>
  </ItemGroup>
  <ItemGroup>
    <ClCompile Include="..\src\gsltcl_1.c">
      <Filter>Source Files</Filter>
    </ClCompile>
    <ClCompile Include="..\src\gsltcltcl_1.c">
      <Filter>Source Files</Filter>
    </ClCompile>
    <ClCompile Include="..\src\libgsltcl.c">
      <Filter>Source Files</Filter>
    </ClCompile>
  </ItemGroup>
  <ItemGroup>
    <None Include="libgsltcl.def">
      <Filter>Source Files</Filter>
    </None>
  </ItemGroup>
  <ItemGroup>
    <ClInclude Include="..\src\gsltcl.h">
      <Filter>Header Files</Filter>
    </ClInclude>
    <ClInclude Include="..\src\gsltcltcl.h">
      <Filter>Header Files</Filter>
    </ClInclude>
    <ClInclude Include="..\src\libgsltcl.h">
      <Filter>Header Files</Filter>
    </ClInclude>
  </ItemGroup>
</Project>