<?xml version="1.0" encoding="utf-8"?>
<Project ToolsVersion="4.0" xmlns="http://schemas.microsoft.com/developer/msbuild/2003">
  <ItemGroup>
    <Filter Include="Source Files">
      <UniqueIdentifier>{50149d01-65dc-4c1f-908f-6b6f7dd86c9f}</UniqueIdentifier>
      <Extensions>cpp;c;cxx;rc;def;r;odl;idl;hpj;bat</Extensions>
    </Filter>
    <Filter Include="Header Files">
      <UniqueIdentifier>{4c6e5877-eada-4fd7-9d41-20a3e28827fa}</UniqueIdentifier>
      <Extensions>h;hpp;hxx;hm;inl</Extensions>
    </Filter>
    <Filter Include="Resource Files">
      <UniqueIdentifier>{3fbd7d1e-4cef-42eb-8b03-0079202bd942}</UniqueIdentifier>
      <Extensions>ico;cur;bmp;dlg;rc2;rct;bin;rgs;gif;jpg;jpeg;jpe</Extensions>
    </Filter>
  </ItemGroup>
  <ItemGroup>
    <ClCompile Include="..\src\libyd.c">
      <Filter>Source Files</Filter>
    </ClCompile>
    <ClCompile Include="..\src\yd_1.c">
      <Filter>Source Files</Filter>
    </ClCompile>
    <ClCompile Include="..\src\yd_2.c">
      <Filter>Source Files</Filter>
    </ClCompile>
    <ClCompile Include="..\src\yd_3.c">
      <Filter>Source Files</Filter>
    </ClCompile>
    <ClCompile Include="..\src\yd_4.c">
      <Filter>Source Files</Filter>
    </ClCompile>
    <ClCompile Include="..\src\ydtcl_1.c">
      <Filter>Source Files</Filter>
    </ClCompile>
  </ItemGroup>
  <ItemGroup>
    <None Include="libyd.def">
      <Filter>Source Files</Filter>
    </None>
  </ItemGroup>
</Project>