<?xml version="1.0" encoding="utf-8"?>
<Project ToolsVersion="4.0" xmlns="http://schemas.microsoft.com/developer/msbuild/2003">
  <ItemGroup>
    <Filter Include="Source Files">
      <UniqueIdentifier>{3832aacf-fb5b-436f-8dde-94a9875dd871}</UniqueIdentifier>
      <Extensions>cpp;c;cxx;rc;def;r;odl;idl;hpj;bat</Extensions>
    </Filter>
    <Filter Include="Header Files">
      <UniqueIdentifier>{6333d425-1611-44ef-b37a-391acfdfa610}</UniqueIdentifier>
      <Extensions>h;hpp;hxx;hm;inl</Extensions>
    </Filter>
    <Filter Include="Resource Files">
      <UniqueIdentifier>{b76564bb-6ca0-4522-89b0-f9068459c01d}</UniqueIdentifier>
      <Extensions>ico;cur;bmp;dlg;rc2;rct;bin;rgs;gif;jpg;jpeg;jpe</Extensions>
    </Filter>
  </ItemGroup>
  <ItemGroup>
    <ClCompile Include="..\src\ak_1.c">
      <Filter>Source Files</Filter>
    </ClCompile>
    <ClCompile Include="..\src\ak_2.c">
      <Filter>Source Files</Filter>
    </ClCompile>
    <ClCompile Include="..\src\ak_3.c">
      <Filter>Source Files</Filter>
    </ClCompile>
    <ClCompile Include="..\src\ak_4.c">
      <Filter>Source Files</Filter>
    </ClCompile>
    <ClCompile Include="..\src\aktcl_1.c">
      <Filter>Source Files</Filter>
    </ClCompile>
    <ClCompile Include="..\src\chealpix.c">
      <Filter>Source Files</Filter>
    </ClCompile>
    <ClCompile Include="..\src\libak.c">
      <Filter>Source Files</Filter>
    </ClCompile>
  </ItemGroup>
  <ItemGroup>
    <ClInclude Include="..\src\chealpix.h">
      <Filter>Source Files</Filter>
    </ClInclude>
    <ClInclude Include="..\src\ak.h">
      <Filter>Header Files</Filter>
    </ClInclude>
    <ClInclude Include="..\src\ak_2.h">
      <Filter>Header Files</Filter>
    </ClInclude>
    <ClInclude Include="..\src\ak_3.h">
      <Filter>Header Files</Filter>
    </ClInclude>
    <ClInclude Include="..\src\ak_4.h">
      <Filter>Header Files</Filter>
    </ClInclude>
    <ClInclude Include="..\src\aktcl.h">
      <Filter>Header Files</Filter>
    </ClInclude>
    <ClInclude Include="..\src\libak.h">
      <Filter>Header Files</Filter>
    </ClInclude>
  </ItemGroup>
  <ItemGroup>
    <None Include="libak.def">
      <Filter>Source Files</Filter>
    </None>
  </ItemGroup>
</Project>