<?xml version="1.0" encoding="utf-8"?>
<Project ToolsVersion="4.0" xmlns="http://schemas.microsoft.com/developer/msbuild/2003">
  <ItemGroup>
    <Filter Include="Source Files">
      <UniqueIdentifier>{324d7533-8d48-4773-9ccc-4bf73d62a803}</UniqueIdentifier>
      <Extensions>cpp;c;cxx;rc;def;r;odl;idl;hpj;bat</Extensions>
    </Filter>
    <Filter Include="Header Files">
      <UniqueIdentifier>{57dc391d-57fb-4597-9cba-bde6f545cb61}</UniqueIdentifier>
      <Extensions>h;hpp;hxx;hm;inl</Extensions>
    </Filter>
    <Filter Include="Resource Files">
      <UniqueIdentifier>{380eed7e-45fa-4244-a115-894ec7c999e6}</UniqueIdentifier>
      <Extensions>ico;cur;bmp;dlg;rc2;rct;bin;rgs;gif;jpg;jpeg;jpe</Extensions>
    </Filter>
  </ItemGroup>
  <ItemGroup>
    <ClCompile Include="..\src\libml.c">
      <Filter>Source Files</Filter>
    </ClCompile>
    <ClCompile Include="..\src\ml_1.c">
      <Filter>Source Files</Filter>
    </ClCompile>
    <ClCompile Include="..\src\mltcl_1.c">
      <Filter>Source Files</Filter>
    </ClCompile>
  </ItemGroup>
  <ItemGroup>
    <None Include="libml.def">
      <Filter>Source Files</Filter>
    </None>
  </ItemGroup>
  <ItemGroup>
    <ClInclude Include="..\src\libml.h">
      <Filter>Header Files</Filter>
    </ClInclude>
    <ClInclude Include="..\src\ml.h">
      <Filter>Header Files</Filter>
    </ClInclude>
    <ClInclude Include="..\src\mltcl.h">
      <Filter>Header Files</Filter>
    </ClInclude>
    <ClInclude Include="..\..\..\external\include\gsl\gsl_matrix.h">
      <Filter>Resource Files</Filter>
    </ClInclude>
  </ItemGroup>
</Project>