<?xml version="1.0" encoding="utf-8"?>
<Project ToolsVersion="4.0" xmlns="http://schemas.microsoft.com/developer/msbuild/2003">
  <ItemGroup>
    <Filter Include="Source Files">
      <UniqueIdentifier>{feae0265-f2d1-439b-8232-aa9cad8370b1}</UniqueIdentifier>
      <Extensions>cpp;c;cxx;rc;def;r;odl;idl;hpj;bat;for;f90</Extensions>
    </Filter>
    <Filter Include="Header Files">
      <UniqueIdentifier>{8956ec8f-8912-4fc7-99ad-9e651a185407}</UniqueIdentifier>
      <Extensions>h;hpp;hxx;hm;inl;fi;fd</Extensions>
    </Filter>
    <Filter Include="Resource Files">
      <UniqueIdentifier>{409b8362-083b-47d9-8676-6a64c7d75d7e}</UniqueIdentifier>
      <Extensions>ico;cur;bmp;dlg;rc2;rct;bin;cnt;rtf;gif;jpg;jpeg;jpe</Extensions>
    </Filter>
  </ItemGroup>
  <ItemGroup>
    <ClCompile Include="..\src\files.c">
      <Filter>Source Files</Filter>
    </ClCompile>
    <ClCompile Include="..\src\fs_fsio1.c">
      <Filter>Source Files</Filter>
    </ClCompile>
    <ClCompile Include="..\src\fs_fsio2.c">
      <Filter>Source Files</Filter>
    </ClCompile>
    <ClCompile Include="..\src\fs_macr1.c">
      <Filter>Source Files</Filter>
    </ClCompile>
    <ClCompile Include="..\src\fs_macr2.c">
      <Filter>Source Files</Filter>
    </ClCompile>
    <ClCompile Include="..\src\fs_macr3.c">
      <Filter>Source Files</Filter>
    </ClCompile>
    <ClCompile Include="..\src\fs_macr4.c">
      <Filter>Source Files</Filter>
    </ClCompile>
    <ClCompile Include="..\src\tt.c">
      <Filter>Source Files</Filter>
    </ClCompile>
    <ClCompile Include="..\src\tt_fits1.c">
      <Filter>Source Files</Filter>
    </ClCompile>
    <ClCompile Include="..\src\tt_fits2.c">
      <Filter>Source Files</Filter>
    </ClCompile>
    <ClCompile Include="..\src\tt_fits3.c">
      <Filter>Source Files</Filter>
    </ClCompile>
    <ClCompile Include="..\src\tt_fits4.c">
      <Filter>Source Files</Filter>
    </ClCompile>
    <ClCompile Include="..\src\tt_fits5.c">
      <Filter>Source Files</Filter>
    </ClCompile>
    <ClCompile Include="..\src\tt_fsio2.c">
      <Filter>Source Files</Filter>
    </ClCompile>
    <ClCompile Include="..\src\tt_poin1.c">
      <Filter>Source Files</Filter>
    </ClCompile>
    <ClCompile Include="..\src\tt_poin2.c">
      <Filter>Source Files</Filter>
    </ClCompile>
    <ClCompile Include="..\src\tt_scri1.c">
      <Filter>Source Files</Filter>
    </ClCompile>
    <ClCompile Include="..\src\tt_seri1.c">
      <Filter>Source Files</Filter>
    </ClCompile>
    <ClCompile Include="..\src\tt_seri2.c">
      <Filter>Source Files</Filter>
    </ClCompile>
    <ClCompile Include="..\src\tt_seri3.c">
      <Filter>Source Files</Filter>
    </ClCompile>
    <ClCompile Include="..\src\tt_seri4.c">
      <Filter>Source Files</Filter>
    </ClCompile>
    <ClCompile Include="..\src\tt_seri5.c">
      <Filter>Source Files</Filter>
    </ClCompile>
    <ClCompile Include="..\src\tt_seri6.c">
      <Filter>Source Files</Filter>
    </ClCompile>
    <ClCompile Include="..\src\tt_stac1.c">
      <Filter>Source Files</Filter>
    </ClCompile>
    <ClCompile Include="..\src\tt_stac2.c">
      <Filter>Source Files</Filter>
    </ClCompile>
    <ClCompile Include="..\src\tt_time1.c">
      <Filter>Source Files</Filter>
    </ClCompile>
    <ClCompile Include="..\src\tt_user1.c">
      <Filter>Source Files</Filter>
    </ClCompile>
    <ClCompile Include="..\src\tt_user2.c">
      <Filter>Source Files</Filter>
    </ClCompile>
    <ClCompile Include="..\src\tt_user3.c">
      <Filter>Source Files</Filter>
    </ClCompile>
    <ClCompile Include="..\src\tt_user4.c">
      <Filter>Source Files</Filter>
    </ClCompile>
    <ClCompile Include="..\src\tt_user5.c">
      <Filter>Source Files</Filter>
    </ClCompile>
    <ClCompile Include="..\src\tt_util1.c">
      <Filter>Source Files</Filter>
    </ClCompile>
    <ClCompile Include="..\src\tt_util2.c">
      <Filter>Source Files</Filter>
    </ClCompile>
    <ClCompile Include="..\src\tt_util3.c">
      <Filter>Source Files</Filter>
    </ClCompile>
    <ClCompile Include="..\src\tt_util4.c">
      <Filter>Source Files</Filter>
    </ClCompile>
  </ItemGroup>
  <ItemGroup>
    <ClInclude Include="..\src\files.h">
      <Filter>Header Files</Filter>
    </ClInclude>
    <ClInclude Include="..\..\..\external\include\fitsio.h">
      <Filter>Header Files</Filter>
    </ClInclude>
    <ClInclude Include="..\src\focas.h">
      <Filter>Header Files</Filter>
    </ClInclude>
    <ClInclude Include="..\src\libfiles.h">
      <Filter>Header Files</Filter>
    </ClInclude>
    <ClInclude Include="..\src\libtt.h">
      <Filter>Header Files</Filter>
    </ClInclude>
    <ClInclude Include="..\..\..\external\include\longnam.h">
      <Filter>Header Files</Filter>
    </ClInclude>
    <ClInclude Include="..\src\tt.h">
      <Filter>Header Files</Filter>
    </ClInclude>
    <ClInclude Include="..\src\tt_user1.h">
      <Filter>Header Files</Filter>
    </ClInclude>
    <ClInclude Include="..\src\tt_user2.h">
      <Filter>Header Files</Filter>
    </ClInclude>
    <ClInclude Include="..\src\tt_user3.h">
      <Filter>Header Files</Filter>
    </ClInclude>
    <ClInclude Include="..\src\tt_user4.h">
      <Filter>Header Files</Filter>
    </ClInclude>
    <ClInclude Include="..\src\tt_user5.h">
      <Filter>Header Files</Filter>
    </ClInclude>
  </ItemGroup>
</Project>