<?xml version="1.0" encoding="utf-8"?>
<Project ToolsVersion="4.0" xmlns="http://schemas.microsoft.com/developer/msbuild/2003">
  <ItemGroup>
    <Filter Include="Source Files">
      <UniqueIdentifier>{597c16c5-d677-45aa-829c-b4b05ebab331}</UniqueIdentifier>
      <Extensions>cpp;c;cxx;rc;def;r;odl;idl;hpj;bat</Extensions>
    </Filter>
    <Filter Include="Header Files">
      <UniqueIdentifier>{50cf9d24-aca1-478d-9dd5-5382e0943255}</UniqueIdentifier>
      <Extensions>h;hpp;hxx;hm;inl</Extensions>
    </Filter>
    <Filter Include="Resource Files">
      <UniqueIdentifier>{6a2bae51-a60c-47de-81cf-d68dbcde3618}</UniqueIdentifier>
      <Extensions>ico;cur;bmp;dlg;rc2;rct;bin;rgs;gif;jpg;jpeg;jpe</Extensions>
    </Filter>
  </ItemGroup>
  <ItemGroup>
    <ClCompile Include="..\src\fitsfile.cpp">
      <Filter>Source Files</Filter>
    </ClCompile>
    <ClCompile Include="..\src\fitsfile2.cpp">
      <Filter>Source Files</Filter>
    </ClCompile>
    <ClCompile Include="..\src\focas.cpp">
      <Filter>Source Files</Filter>
    </ClCompile>
    <ClCompile Include="..\src\infoimage.cpp">
      <Filter>Source Files</Filter>
    </ClCompile>
    <ClCompile Include="..\src\InstrumentalResponse.cpp">
      <Filter>Source Files</Filter>
    </ClCompile>
    <ClCompile Include="..\src\libeshel.cpp">
      <Filter>Source Files</Filter>
    </ClCompile>
    <ClCompile Include="..\src\libeshel_tcl.cpp">
      <Filter>Source Files</Filter>
    </ClCompile>
    <ClCompile Include="..\src\processing.cpp">
      <Filter>Source Files</Filter>
    </ClCompile>
    <ClCompile Include="..\src\wizard.cpp">
      <Filter>Source Files</Filter>
    </ClCompile>
    <ClCompile Include="..\src\wizardthar.cpp">
      <Filter>Source Files</Filter>
    </ClCompile>
  </ItemGroup>
  <ItemGroup>
    <None Include="..\src\libeshel_tcl.def">
      <Filter>Source Files</Filter>
    </None>
  </ItemGroup>
  <ItemGroup>
    <ClInclude Include="..\src\fitsfile.h">
      <Filter>Header Files</Filter>
    </ClInclude>
    <ClInclude Include="..\src\fitsfile2.h">
      <Filter>Header Files</Filter>
    </ClInclude>
    <ClInclude Include="..\src\focas.h">
      <Filter>Header Files</Filter>
    </ClInclude>
    <ClInclude Include="..\src\infoimage.h">
      <Filter>Header Files</Filter>
    </ClInclude>
    <ClInclude Include="..\src\InstrumentalResponse.h">
      <Filter>Header Files</Filter>
    </ClInclude>
    <ClInclude Include="..\src\libeshel.h">
      <Filter>Header Files</Filter>
    </ClInclude>
    <ClInclude Include="..\src\linegap.h">
      <Filter>Header Files</Filter>
    </ClInclude>
    <ClInclude Include="..\src\order.h">
      <Filter>Header Files</Filter>
    </ClInclude>
    <ClInclude Include="..\src\processing.h">
      <Filter>Header Files</Filter>
    </ClInclude>
    <ClInclude Include="..\src\wizard.h">
      <Filter>Header Files</Filter>
    </ClInclude>
    <ClInclude Include="..\src\wizardthar.h">
      <Filter>Header Files</Filter>
    </ClInclude>
  </ItemGroup>
</Project>