<?xml version="1.0" encoding="utf-8"?>
<Project ToolsVersion="4.0" xmlns="http://schemas.microsoft.com/developer/msbuild/2003">
  <ItemGroup>
    <Filter Include="Source Files">
      <UniqueIdentifier>{10abd35c-0770-4a3b-ac10-1491f0bfe0ee}</UniqueIdentifier>
      <Extensions>cpp;c;cxx;rc;def;r;odl;idl;hpj;bat;for;f90</Extensions>
    </Filter>
    <Filter Include="Header Files">
      <UniqueIdentifier>{f54a63c6-1166-46f6-911e-af887b749753}</UniqueIdentifier>
      <Extensions>h;hpp;hxx;hm;inl;fi;fd</Extensions>
    </Filter>
    <Filter Include="Resource Files">
      <UniqueIdentifier>{dc5292ce-7d14-44e5-80cc-04f5e4612679}</UniqueIdentifier>
      <Extensions>ico;cur;bmp;dlg;rc2;rct;bin;cnt;rtf;gif;jpg;jpeg;jpe</Extensions>
    </Filter>
  </ItemGroup>
  <ItemGroup>
    <ClCompile Include="..\src\coordserver.c">
      <Filter>Source Files</Filter>
    </ClCompile>
    <ClCompile Include="..\..\libtel.cpp">
      <Filter>Source Files</Filter>
    </ClCompile>
    <ClCompile Include="..\src\socketT193Tcl.c">
      <Filter>Source Files</Filter>
    </ClCompile>
    <ClCompile Include="..\src\telescop.c">
      <Filter>Source Files</Filter>
    </ClCompile>
    <ClCompile Include="..\src\teltcl.c">
      <Filter>Source Files</Filter>
    </ClCompile>
    <ClCompile Include="..\..\util.cpp">
      <Filter>Source Files</Filter>
    </ClCompile>
  </ItemGroup>
  <ItemGroup>
    <None Include="libt193.def">
      <Filter>Source Files</Filter>
    </None>
  </ItemGroup>
  <ItemGroup>
    <ClInclude Include="..\src\libname.h">
      <Filter>Header Files</Filter>
    </ClInclude>
    <ClInclude Include="..\..\..\include\libtel\libstruc.h">
      <Filter>Header Files</Filter>
    </ClInclude>
    <ClInclude Include="..\..\..\include\libtel\libtel.h">
      <Filter>Header Files</Filter>
    </ClInclude>
    <ClInclude Include="..\..\..\external\include\NIDAQmx.h">
      <Filter>Header Files</Filter>
    </ClInclude>
    <ClInclude Include="..\src\socketT193.h">
      <Filter>Header Files</Filter>
    </ClInclude>
    <ClInclude Include="..\src\telcmd.h">
      <Filter>Header Files</Filter>
    </ClInclude>
    <ClInclude Include="..\src\telescop.h">
      <Filter>Header Files</Filter>
    </ClInclude>
    <ClInclude Include="..\src\teltcl.h">
      <Filter>Header Files</Filter>
    </ClInclude>
  </ItemGroup>
</Project>