<?xml version="1.0" encoding="utf-8"?>
<Project ToolsVersion="4.0" xmlns="http://schemas.microsoft.com/developer/msbuild/2003">
  <ItemGroup>
    <Filter Include="Source Files">
      <UniqueIdentifier>{4dffa82b-6d12-4d7d-900a-f958ca91d5e1}</UniqueIdentifier>
      <Extensions>cpp;c;cxx;rc;def;r;odl;idl;hpj;bat</Extensions>
    </Filter>
    <Filter Include="Header Files">
      <UniqueIdentifier>{1225d231-ebd6-499c-8519-723d75b9da7d}</UniqueIdentifier>
      <Extensions>h;hpp;hxx;hm;inl</Extensions>
    </Filter>
    <Filter Include="Resource Files">
      <UniqueIdentifier>{6f9f42d7-f006-4b84-bf6e-58380d7e743d}</UniqueIdentifier>
      <Extensions>ico;cur;bmp;dlg;rc2;rct;bin;rgs;gif;jpg;jpeg;jpe</Extensions>
    </Filter>
  </ItemGroup>
  <ItemGroup>
    <ClCompile Include="..\src\eteltcl_1.c">
      <Filter>Source Files</Filter>
    </ClCompile>
    <ClCompile Include="..\src\eteltcltcl_1.c">
      <Filter>Source Files</Filter>
    </ClCompile>
    <ClCompile Include="..\src\libeteltcl.c">
      <Filter>Source Files</Filter>
    </ClCompile>
  </ItemGroup>
  <ItemGroup>
    <None Include="libeteltcl.def">
      <Filter>Source Files</Filter>
    </None>
  </ItemGroup>
  <ItemGroup>
    <ClInclude Include="..\src\eteltcl.h">
      <Filter>Header Files</Filter>
    </ClInclude>
    <ClInclude Include="..\src\eteltcltcl.h">
      <Filter>Header Files</Filter>
    </ClInclude>
    <ClInclude Include="..\src\libeteltcl.h">
      <Filter>Header Files</Filter>
    </ClInclude>
  </ItemGroup>
</Project>