<?xml version="1.0" encoding="utf-8"?>
<Project ToolsVersion="4.0" xmlns="http://schemas.microsoft.com/developer/msbuild/2003">
  <ItemGroup>
    <Filter Include="Source Files">
      <UniqueIdentifier>{cf649a20-c481-4ec4-848c-0b178e6b3650}</UniqueIdentifier>
      <Extensions>cpp;c;cxx;rc;def;r;odl;idl;hpj;bat</Extensions>
    </Filter>
    <Filter Include="Header Files">
      <UniqueIdentifier>{cff5c91d-c0f2-407b-a8d1-a83e0195bab8}</UniqueIdentifier>
      <Extensions>h;hpp;hxx;hm;inl</Extensions>
    </Filter>
    <Filter Include="Resource Files">
      <UniqueIdentifier>{5b53d91d-8ee4-49c7-8ee2-7e9f737a16a1}</UniqueIdentifier>
      <Extensions>ico;cur;bmp;dlg;rc2;rct;bin;rgs;gif;jpg;jpeg;jpe</Extensions>
    </Filter>
  </ItemGroup>
  <ItemGroup>
    <None Include="libetel.def">
      <Filter>Source Files</Filter>
    </None>
  </ItemGroup>
  <ItemGroup>
    <ClCompile Include="..\..\libtel.cpp">
      <Filter>Source Files</Filter>
    </ClCompile>
    <ClCompile Include="..\src\telescop.c">
      <Filter>Source Files</Filter>
    </ClCompile>
    <ClCompile Include="..\src\teltcl.c">
      <Filter>Source Files</Filter>
    </ClCompile>
    <ClCompile Include="..\..\util.cpp">
      <Filter>Source Files</Filter>
    </ClCompile>
  </ItemGroup>
  <ItemGroup>
    <ClInclude Include="..\src\libname.h">
      <Filter>Header Files</Filter>
    </ClInclude>
    <ClInclude Include="..\src\telcmd.h">
      <Filter>Header Files</Filter>
    </ClInclude>
    <ClInclude Include="..\src\telescop.h">
      <Filter>Header Files</Filter>
    </ClInclude>
    <ClInclude Include="..\src\teltcl.h">
      <Filter>Header Files</Filter>
    </ClInclude>
  </ItemGroup>
</Project>