<?xml version="1.0" encoding="utf-8"?>
<Project ToolsVersion="4.0" xmlns="http://schemas.microsoft.com/developer/msbuild/2003">
  <ItemGroup>
    <Filter Include="Source Files">
      <UniqueIdentifier>{4FC737F1-C7A5-4376-A066-2A32D752A2FF}</UniqueIdentifier>
      <Extensions>cpp;c;cc;cxx;def;odl;idl;hpj;bat;asm;asmx</Extensions>
    </Filter>
    <Filter Include="Header Files">
      <UniqueIdentifier>{93995380-89BD-4b04-88EB-625FBE52EBFB}</UniqueIdentifier>
      <Extensions>h;hpp;hxx;hm;inl;inc;xsd</Extensions>
    </Filter>
  </ItemGroup>
  <ItemGroup>
    <ClCompile Include="..\src\CCatalog.cpp">
      <Filter>Source Files</Filter>
    </ClCompile>
    <ClCompile Include="..\src\cs2mass.cpp">
      <Filter>Source Files</Filter>
    </ClCompile>
    <ClCompile Include="..\src\csnomad1.cpp">
      <Filter>Source Files</Filter>
    </ClCompile>
    <ClCompile Include="..\src\csppmx.cpp">
      <Filter>Source Files</Filter>
    </ClCompile>
    <ClCompile Include="..\src\csppmxl.cpp">
      <Filter>Source Files</Filter>
    </ClCompile>
    <ClCompile Include="..\src\cstycho.cpp">
      <Filter>Source Files</Filter>
    </ClCompile>
    <ClCompile Include="..\src\cstychoFast.cpp">
      <Filter>Source Files</Filter>
    </ClCompile>
    <ClCompile Include="..\src\csucac2.cpp">
      <Filter>Source Files</Filter>
    </ClCompile>
    <ClCompile Include="..\src\csucac3.cpp">
      <Filter>Source Files</Filter>
    </ClCompile>
    <ClCompile Include="..\src\csucac4.cpp">
      <Filter>Source Files</Filter>
    </ClCompile>
    <ClCompile Include="..\src\csusnoa2.cpp">
      <Filter>Source Files</Filter>
    </ClCompile>
    <ClCompile Include="..\src\cswfibc.cpp">
      <Filter>Source Files</Filter>
    </ClCompile>
    <ClCompile Include="..\src\csbmk.cpp">
      <Filter>Source Files</Filter>
    </ClCompile>
    <ClCompile Include="..\src\csurat1.cpp">
      <Filter>Source Files</Filter>
    </ClCompile>
    <ClCompile Include="..\src\csloneos.cpp">
      <Filter>Source Files</Filter>
    </ClCompile>
    <ClCompile Include="..\src\csgaia1.cpp">
      <Filter>Source Files</Filter>
    </ClCompile>
    <ClCompile Include="..\src\csgaia2.cpp">
      <Filter>Source Files</Filter>
    </ClCompile>
    <ClCompile Include="..\src\libcatalog.cpp">
      <Filter>Source Files</Filter>
    </ClCompile>
    <ClCompile Include="..\src\useful.cpp">
      <Filter>Source Files</Filter>
    </ClCompile>
  </ItemGroup>
  <ItemGroup>
    <ClInclude Include="..\src\AllExceptions.h">
      <Filter>Header Files</Filter>
    </ClInclude>
    <ClInclude Include="..\src\CCatalog.h">
      <Filter>Header Files</Filter>
    </ClInclude>
    <ClInclude Include="..\src\cs2mass.h">
      <Filter>Header Files</Filter>
    </ClInclude>
    <ClInclude Include="..\src\csnomad1.h">
      <Filter>Header Files</Filter>
    </ClInclude>
    <ClInclude Include="..\src\csppmx.h">
      <Filter>Header Files</Filter>
    </ClInclude>
    <ClInclude Include="..\src\cstycho.h">
      <Filter>Header Files</Filter>
    </ClInclude>
    <ClInclude Include="..\src\csucac.h">
      <Filter>Header Files</Filter>
    </ClInclude>
    <ClInclude Include="..\src\csusno.h">
      <Filter>Header Files</Filter>
    </ClInclude>
    <ClInclude Include="..\src\cswfibc.h">
      <Filter>Header Files</Filter>
    </ClInclude>
    <ClInclude Include="..\src\csbmk.h">
      <Filter>Header Files</Filter>
    </ClInclude>
    <ClInclude Include="..\src\csurat1.h">
      <Filter>Header Files</Filter>
    </ClInclude>
    <ClInclude Include="..\src\csloneos.h">
      <Filter>Header Files</Filter>
    </ClInclude>
    <ClInclude Include="..\src\csgaia1.h">
      <Filter>Header Files</Filter>
    </ClInclude>
    <ClInclude Include="..\src\csgaia2.h">
      <Filter>Header Files</Filter>
    </ClInclude>
    <ClInclude Include="..\src\libcatalog.h">
      <Filter>Header Files</Filter>
    </ClInclude>
    <ClInclude Include="..\src\useful.h">
      <Filter>Header Files</Filter>
    </ClInclude>
  </ItemGroup>
</Project>